{
  "requires": true,
  "lockfileVersion": 1,
  "dependencies": {
    "rest-crud": {
      "version": "file:app",
      "requires": {
        "body-parser": "1.9.0",
        "ejs": "1.0.0",
        "express": "4.9.5",
        "express-myconnection": "1.0.4",
        "express-validator": "2.21.0",
        "mysql": "2.15.0"
      },
      "dependencies": {
        "accepts": {
          "version": "1.1.4",
          "bundled": true,
          "requires": {
            "mime-types": "2.0.14",
            "negotiator": "0.4.9"
          }
        },
        "bignumber.js": {
          "version": "4.0.4",
          "bundled": true
        },
        "bluebird": {
          "version": "3.4.7",
          "bundled": true
        },
        "body-parser": {
          "version": "1.9.0",
          "bundled": true,
          "requires": {
            "bytes": "1.0.0",
            "depd": "1.0.1",
            "iconv-lite": "0.4.4",
            "media-typer": "0.3.0",
            "on-finished": "2.1.0",
            "qs": "2.2.4",
            "raw-body": "1.3.0",
            "type-is": "1.5.7"
          }
        },
        "bytes": {
          "version": "1.0.0",
          "bundled": true
        },
        "cookie": {
          "version": "0.1.2",
          "bundled": true
        },
        "cookie-signature": {
          "version": "1.0.5",
          "bundled": true
        },
        "core-util-is": {
          "version": "1.0.2",
          "bundled": true
        },
        "crc": {
          "version": "3.0.0",
          "bundled": true
        },
        "debug": {
          "version": "2.0.0",
          "bundled": true,
          "requires": {
            "ms": "0.6.2"
          }
        },
        "depd": {
          "version": "1.0.1",
          "bundled": true
        },
        "destroy": {
          "version": "1.0.3",
          "bundled": true
        },
        "ee-first": {
          "version": "1.0.5",
          "bundled": true
        },
        "ejs": {
          "version": "1.0.0",
          "bundled": true
        },
        "escape-html": {
          "version": "1.0.1",
          "bundled": true
        },
        "etag": {
          "version": "1.4.0",
          "bundled": true,
          "requires": {
            "crc": "3.0.0"
          }
        },
        "express": {
          "version": "4.9.5",
          "bundled": true,
          "requires": {
            "accepts": "1.1.4",
            "cookie": "0.1.2",
            "cookie-signature": "1.0.5",
            "debug": "2.0.0",
            "depd": "0.4.5",
            "escape-html": "1.0.1",
            "etag": "1.4.0",
            "finalhandler": "0.2.0",
            "fresh": "0.2.4",
            "media-typer": "0.3.0",
            "merge-descriptors": "0.0.2",
            "methods": "1.1.0",
            "on-finished": "2.1.0",
            "parseurl": "1.3.2",
            "path-to-regexp": "0.1.3",
            "proxy-addr": "1.0.10",
            "qs": "2.2.4",
            "range-parser": "1.0.3",
            "send": "0.9.3",
            "serve-static": "1.6.5",
            "type-is": "1.5.7",
            "utils-merge": "1.0.0",
            "vary": "1.0.1"
          },
          "dependencies": {
            "depd": {
              "version": "0.4.5",
              "bundled": true
            }
          }
        },
        "express-myconnection": {
          "version": "1.0.4",
          "bundled": true
        },
        "express-validator": {
          "version": "2.21.0",
          "bundled": true,
          "requires": {
            "bluebird": "3.4.7",
            "lodash": "4.16.6",
            "validator": "5.7.0"
          }
        },
        "finalhandler": {
          "version": "0.2.0",
          "bundled": true,
          "requires": {
            "debug": "2.0.0",
            "escape-html": "1.0.1"
          }
        },
        "forwarded": {
          "version": "0.1.2",
          "bundled": true
        },
        "fresh": {
          "version": "0.2.4",
          "bundled": true
        },
        "iconv-lite": {
          "version": "0.4.4",
          "bundled": true
        },
        "inherits": {
          "version": "2.0.3",
          "bundled": true
        },
        "ipaddr.js": {
          "version": "1.0.5",
          "bundled": true
        },
        "isarray": {
          "version": "1.0.0",
          "bundled": true
        },
        "lodash": {
          "version": "4.16.6",
          "bundled": true
        },
        "media-typer": {
          "version": "0.3.0",
          "bundled": true
        },
        "merge-descriptors": {
          "version": "0.0.2",
          "bundled": true
        },
        "methods": {
          "version": "1.1.0",
          "bundled": true
        },
        "mime": {
          "version": "1.2.11",
          "bundled": true
        },
        "mime-db": {
          "version": "1.12.0",
          "bundled": true
        },
        "mime-types": {
          "version": "2.0.14",
          "bundled": true,
          "requires": {
            "mime-db": "1.12.0"
          }
        },
        "ms": {
          "version": "0.6.2",
          "bundled": true
        },
        "mysql": {
          "version": "2.15.0",
          "bundled": true,
          "requires": {
            "bignumber.js": "4.0.4",
            "readable-stream": "2.3.3",
            "safe-buffer": "5.1.1",
            "sqlstring": "2.3.0"
          }
        },
        "negotiator": {
          "version": "0.4.9",
          "bundled": true
        },
        "on-finished": {
          "version": "2.1.0",
          "bundled": true,
          "requires": {
            "ee-first": "1.0.5"
          }
        },
        "parseurl": {
          "version": "1.3.2",
          "bundled": true
        },
        "path-to-regexp": {
          "version": "0.1.3",
          "bundled": true
        },
        "process-nextick-args": {
          "version": "1.0.7",
          "bundled": true
        },
        "proxy-addr": {
          "version": "1.0.10",
          "bundled": true,
          "requires": {
            "forwarded": "0.1.2",
            "ipaddr.js": "1.0.5"
          }
        },
        "qs": {
          "version": "2.2.4",
          "bundled": true
        },
        "range-parser": {
          "version": "1.0.3",
          "bundled": true
        },
        "raw-body": {
          "version": "1.3.0",
          "bundled": true,
          "requires": {
            "bytes": "1.0.0",
            "iconv-lite": "0.4.4"
          }
        },
        "readable-stream": {
          "version": "2.3.3",
          "bundled": true,
          "requires": {
            "core-util-is": "1.0.2",
            "inherits": "2.0.3",
            "isarray": "1.0.0",
            "process-nextick-args": "1.0.7",
            "safe-buffer": "5.1.1",
            "string_decoder": "1.0.3",
            "util-deprecate": "1.0.2"
          }
        },
        "safe-buffer": {
          "version": "5.1.1",
          "bundled": true
        },
        "send": {
          "version": "0.9.3",
          "bundled": true,
          "requires": {
            "debug": "2.0.0",
            "depd": "0.4.5",
            "destroy": "1.0.3",
            "escape-html": "1.0.1",
            "etag": "1.4.0",
            "fresh": "0.2.4",
            "mime": "1.2.11",
            "ms": "0.6.2",
            "on-finished": "2.1.0",
            "range-parser": "1.0.3"
          },
          "dependencies": {
            "depd": {
              "version": "0.4.5",
              "bundled": true
            }
          }
        },
        "serve-static": {
          "version": "1.6.5",
          "bundled": true,
          "requires": {
            "escape-html": "1.0.1",
            "parseurl": "1.3.2",
            "send": "0.9.3",
            "utils-merge": "1.0.0"
          }
        },
        "sqlstring": {
          "version": "2.3.0",
          "bundled": true
        },
        "string_decoder": {
          "version": "1.0.3",
          "bundled": true,
          "requires": {
            "safe-buffer": "5.1.1"
          }
        },
        "type-is": {
          "version": "1.5.7",
          "bundled": true,
          "requires": {
            "media-typer": "0.3.0",
            "mime-types": "2.0.14"
          }
        },
        "util-deprecate": {
          "version": "1.0.2",
          "bundled": true
        },
        "utils-merge": {
          "version": "1.0.0",
          "bundled": true
        },
        "validator": {
          "version": "5.7.0",
          "bundled": true
        },
        "vary": {
          "version": "1.0.1",
          "bundled": true
        }
      }
    }
  }
}
